
Microsoft Visual Studio Solution File, Format Version 12.00
# Visual Studio 15
VisualStudioVersion = 15.0.26124.0
MinimumVisualStudioVersion = 15.0.26124.0
Project("{FAE04EC0-301F-11D3-BF4B-00C04F79EFBC}") = "Pungeon.Web", "Pungeon.Web\Pungeon.Web.csproj", "{C64E26BD-CEB7-4096-8772-0DCFE127747B}"
EndProject
Project("{FAE04EC0-301F-11D3-BF4B-00C04F79EFBC}") = "Pungeon.Web.Tests", "Pungeon.Web.Tests\Pungeon.Web.Tests.csproj", "{E268630C-A95A-4179-A154-46790B00AC93}"
EndProject
Global
	GlobalSection(SolutionConfigurationPlatforms) = preSolution
		Debug|Any CPU = Debug|Any CPU
		Debug|x64 = Debug|x64
		Debug|x86 = Debug|x86
		Release|Any CPU = Release|Any CPU
		Release|x64 = Release|x64
		Release|x86 = Release|x86
	EndGlobalSection
	GlobalSection(SolutionProperties) = preSolution
		HideSolutionNode = FALSE
	EndGlobalSection
	GlobalSection(ProjectConfigurationPlatforms) = postSolution
		{C64E26BD-CEB7-4096-8772-0DCFE127747B}.Debug|Any CPU.ActiveCfg = Debug|Any CPU
		{C64E26BD-CEB7-4096-8772-0DCFE127747B}.Debug|Any CPU.Build.0 = Debug|Any CPU
		{C64E26BD-CEB7-4096-8772-0DCFE127747B}.Debug|x64.ActiveCfg = Debug|Any CPU
		{C64E26BD-CEB7-4096-8772-0DCFE127747B}.Debug|x64.Build.0 = Debug|Any CPU
		{C64E26BD-CEB7-4096-8772-0DCFE127747B}.Debug|x86.ActiveCfg = Debug|Any CPU
		{C64E26BD-CEB7-4096-8772-0DCFE127747B}.Debug|x86.Build.0 = Debug|Any CPU
		{C64E26BD-CEB7-4096-8772-0DCFE127747B}.Release|Any CPU.ActiveCfg = Release|Any CPU
		{C64E26BD-CEB7-4096-8772-0DCFE127747B}.Release|Any CPU.Build.0 = Release|Any CPU
		{C64E26BD-CEB7-4096-8772-0DCFE127747B}.Release|x64.ActiveCfg = Release|Any CPU
		{C64E26BD-CEB7-4096-8772-0DCFE127747B}.Release|x64.Build.0 = Release|Any CPU
		{C64E26BD-CEB7-4096-8772-0DCFE127747B}.Release|x86.ActiveCfg = Release|Any CPU
		{C64E26BD-CEB7-4096-8772-0DCFE127747B}.Release|x86.Build.0 = Release|Any CPU
		{E268630C-A95A-4179-A154-46790B00AC93}.Debug|Any CPU.ActiveCfg = Debug|Any CPU
		{E268630C-A95A-4179-A154-46790B00AC93}.Debug|Any CPU.Build.0 = Debug|Any CPU
		{E268630C-A95A-4179-A154-46790B00AC93}.Debug|x64.ActiveCfg = Debug|Any CPU
		{E268630C-A95A-4179-A154-46790B00AC93}.Debug|x64.Build.0 = Debug|Any CPU
		{E268630C-A95A-4179-A154-46790B00AC93}.Debug|x86.ActiveCfg = Debug|Any CPU
		{E268630C-A95A-4179-A154-46790B00AC93}.Debug|x86.Build.0 = Debug|Any CPU
		{E268630C-A95A-4179-A154-46790B00AC93}.Release|Any CPU.ActiveCfg = Release|Any CPU
		{E268630C-A95A-4179-A154-46790B00AC93}.Release|Any CPU.Build.0 = Release|Any CPU
		{E268630C-A95A-4179-A154-46790B00AC93}.Release|x64.ActiveCfg = Release|Any CPU
		{E268630C-A95A-4179-A154-46790B00AC93}.Release|x64.Build.0 = Release|Any CPU
		{E268630C-A95A-4179-A154-46790B00AC93}.Release|x86.ActiveCfg = Release|Any CPU
		{E268630C-A95A-4179-A154-46790B00AC93}.Release|x86.Build.0 = Release|Any CPU
	EndGlobalSection
EndGlobal
